
Microsoft Visual Studio Solution File, Format Version 12.00
# Visual Studio Version 17
VisualStudioVersion = 17.3.32804.467
MinimumVisualStudioVersion = 10.0.40219.1
Project("{8BC9CEB8-8B4A-11D0-8D11-00A0C91BC942}") = "Mysanziqi", "Mysanziqi.vcxproj", "{B7F4FC0E-9490-48A4-A78B-472627E2D44B}"
EndProject
Global
	GlobalSection(SolutionConfigurationPlatforms) = preSolution
		Debug|x64 = Debug|x64
		Debug|x86 = Debug|x86
		Release|x64 = Release|x64
		Release|x86 = Release|x86
	EndGlobalSection
	GlobalSection(ProjectConfigurationPlatforms) = postSolution
		{B7F4FC0E-9490-48A4-A78B-472627E2D44B}.Debug|x64.ActiveCfg = Debug|x64
		{B7F4FC0E-9490-48A4-A78B-472627E2D44B}.Debug|x64.Build.0 = Debug|x64
		{B7F4FC0E-9490-48A4-A78B-472627E2D44B}.Debug|x86.ActiveCfg = Debug|Win32
		{B7F4FC0E-9490-48A4-A78B-472627E2D44B}.Debug|x86.Build.0 = Debug|Win32
		{B7F4FC0E-9490-48A4-A78B-472627E2D44B}.Release|x64.ActiveCfg = Release|x64
		{B7F4FC0E-9490-48A4-A78B-472627E2D44B}.Release|x64.Build.0 = Release|x64
		{B7F4FC0E-9490-48A4-A78B-472627E2D44B}.Release|x86.ActiveCfg = Release|Win32
		{B7F4FC0E-9490-48A4-A78B-472627E2D44B}.Release|x86.Build.0 = Release|Win32
	EndGlobalSection
	GlobalSection(SolutionProperties) = preSolution
		HideSolutionNode = FALSE
	EndGlobalSection
	GlobalSection(ExtensibilityGlobals) = postSolution
		SolutionGuid = {B2D70CAD-2F61-4B74-98A9-21FD1F67558A}
	EndGlobalSection
EndGlobal
